{
  "meteor": {},
  "dependencies": {
    "basePackages": {
      "iron-router": {},
      "dateformatjs": {},
      "moment": {},
      "spin": {},
      "accounts-ui-bootstrap-dropdown": {},
      "bootboxjs": {},
      "trail": {},
      "accounts-ui-bootstrap-3": {},
      "accounts-entry": {},
      "profile": {}
    },
    "packages": {
      "iron-router": {
        "git": "https://github.com/EventedMind/iron-router.git",
        "tag": "v0.7.1",
        "commit": "d1ffb3f06ea4c112132b030f2eb1a70b81675ecb"
      },
      "dateformatjs": {
        "git": "https://github.com/sunkay/meteor-date-format.git",
        "tag": "v0.1.4",
        "commit": "7e0674b1e453e055958afc56a2170bfe269bf80d"
      },
      "moment": {
        "git": "https://github.com/acreeger/meteor-moment.git",
        "tag": "v2.6.0",
        "commit": "26156df681750fd6e6ed77043eef32b6653ebbdf"
      },
      "spin": {
        "git": "https://github.com/SachaG/meteor-spin.git",
        "tag": "v0.2.2",
        "commit": "3f655f0016228e4195acc784c45d3e3a247dc39f"
      },
      "accounts-ui-bootstrap-dropdown": {
        "git": "https://github.com/erobit/meteor-accounts-ui-bootstrap-dropdown.git",
        "tag": "v0.8.3",
        "commit": "a7af8a52e4e74db020a69b158a8f992797b8b0b0"
      },
      "bootboxjs": {
        "git": "https://github.com/TimHeckel/meteor-bootboxjs.git",
        "tag": "v4.2.0",
        "commit": "2b7d18ad028d9e7b37238ecf2a8a7970735cebd1"
      },
      "trail": {
        "git": "https://github.com/tbknl/meteor-trail.git",
        "tag": "v0.1.1",
        "commit": "34a641c6d610e5d0b1a03d38b3a8853161fd9e0b"
      },
      "accounts-ui-bootstrap-3": {
        "git": "https://github.com/mangasocial/meteor-accounts-ui-bootstrap-3.git",
        "tag": "v0.3.0-1",
        "commit": "93ffa5d0e325dc7026de89f6d90c178fa04bdd3a"
      },
      "accounts-entry": {
        "git": "https://github.com/Differential/accounts-entry.git",
        "tag": "v0.7.2",
        "commit": "cda8617139b5edd79a52023986bfecb48e4b9dc4"
      },
      "profile": {
        "git": "https://github.com/Differential/meteor-profile.git",
        "tag": "v0.0.10",
        "commit": "2540cdc76cf5c5fdf6ee0fd0cff1e37c4b1ba519"
      },
      "blaze-layout": {
        "git": "https://github.com/EventedMind/blaze-layout.git",
        "tag": "v0.2.4",
        "commit": "b40e9b0612329288d75cf52ad14a7da64bb8618f"
      },
      "bootstrap-3": {
        "git": "https://github.com/mangasocial/meteor-bootstrap-3.git",
        "tag": "v3.1.1-1",
        "commit": "63dd38968828bb8963636df93e9a1c45e2dfe67e"
      },
      "just-i18n": {
        "git": "https://github.com/subhog/meteor-just-i18n.git",
        "tag": "v0.2.4",
        "commit": "91decfcf5b3b5e67f202a67658350b862330bf3d"
      },
      "accounts-t9n": {
        "git": "https://github.com/softwarerero/meteor-accounts-t9n.git",
        "tag": "v0.0.3",
        "commit": "d1710f979d6955459d9ce0374df81d22c3c6a6ab"
      }
    }
  }
}
